// !$*UTF8*$!
{
	archiveVersion = 1;
	classes = {
	};
	objectVersion = 110;
	objects = {

/* Begin PBXBuildFile section */
		2736569D304C0B6900E1DF07 /* AppDelegate.swift in Sources */ = {isa = PBXBuildFile; fileRef = 2736569C304C0B6900E1DF07 /* AppDelegate.swift */; };
		273656A1304C0B6900E1DF07 /* Main.html in Resources */ = {isa = PBXBuildFile; fileRef = 2736569F304C0B6900E1DF07 /* Main.html */; };
		273656A3304C0B6900E1DF07 /* Icon.png in Resources */ = {isa = PBXBuildFile; fileRef = 273656A2304C0B6900E1DF07 /* Icon.png */; };
		273656A5304C0B6900E1DF07 /* Style.css in Resources */ = {isa = PBXBuildFile; fileRef = 273656A4304C0B6900E1DF07 /* Style.css */; };
		273656A7304C0B6900E1DF07 /* Script.js in Resources */ = {isa = PBXBuildFile; fileRef = 273656A6304C0B6900E1DF07 /* Script.js */; };
		273656A9304C0B6900E1DF07 /* ViewController.swift in Sources */ = {isa = PBXBuildFile; fileRef = 273656A8304C0B6900E1DF07 /* ViewController.swift */; };
		273656AC304C0B6900E1DF07 /* Main.storyboard in Resources */ = {isa = PBXBuildFile; fileRef = 273656AA304C0B6900E1DF07 /* Main.storyboard */; };
		273656AE304C0B6A00E1DF07 /* Assets.xcassets in Resources */ = {isa = PBXBuildFile; fileRef = 273656AD304C0B6A00E1DF07 /* Assets.xcassets */; };
		273656B5304C0B6A00E1DF07 /* Thai Dubbing for Safari Extension.appex in Embed Foundation Extensions */ = {isa = PBXBuildFile; fileRef = 273656B4304C0B6A00E1DF07 /* Thai Dubbing for Safari Extension.appex */; settings = {ATTRIBUTES = (RemoveHeadersOnCopy, ); }; };
		273656BA304C0B6A00E1DF07 /* SafariWebExtensionHandler.swift in Sources */ = {isa = PBXBuildFile; fileRef = 273656B9304C0B6A00E1DF07 /* SafariWebExtensionHandler.swift */; };
		273656CB304C0B6A00E1DF07 /* popup in Resources */ = {isa = PBXBuildFile; fileRef = 273656C6304C0B6A00E1DF07 /* popup */; };
		273656CC304C0B6A00E1DF07 /* background.js in Resources */ = {isa = PBXBuildFile; fileRef = 273656C7304C0B6A00E1DF07 /* background.js */; };
		273656CD304C0B6A00E1DF07 /* icons in Resources */ = {isa = PBXBuildFile; fileRef = 273656C8304C0B6A00E1DF07 /* icons */; };
		273656CE304C0B6A00E1DF07 /* manifest.json in Resources */ = {isa = PBXBuildFile; fileRef = 273656C9304C0B6A00E1DF07 /* manifest.json */; };
		273656CF304C0B6A00E1DF07 /* content.js in Resources */ = {isa = PBXBuildFile; fileRef = 273656CA304C0B6A00E1DF07 /* content.js */; };
/* End PBXBuildFile section */

/* Begin PBXContainerItemProxy section */
		273656B6304C0B6A00E1DF07 /* PBXContainerItemProxy */ = {
			isa = PBXContainerItemProxy;
			containerPortal = 27365691304C0B6900E1DF07 /* Project object */;
			proxyType = 1;
			remoteGlobalIDString = 273656B3304C0B6A00E1DF07;
			remoteInfo = "Thai Dubbing for Safari Extension";
		};
/* End PBXContainerItemProxy section */

/* Begin PBXCopyFilesBuildPhase section */
		273656C1304C0B6A00E1DF07 /* Embed Foundation Extensions */ = {
			isa = PBXCopyFilesBuildPhase;
			dstPath = "";
			dstSubfolder = PlugIns;
			files = (
				273656B5304C0B6A00E1DF07 /* Thai Dubbing for Safari Extension.appex in Embed Foundation Extensions */,
			);
			name = "Embed Foundation Extensions";
		};
/* End PBXCopyFilesBuildPhase section */

/* Begin PBXFileReference section */
		27365699304C0B6900E1DF07 /* Thai Dubbing for Safari.app */ = {isa = PBXFileReference; explicitFileType = wrapper.application; includeInIndex = 0; path = "Thai Dubbing for Safari.app"; sourceTree = BUILT_PRODUCTS_DIR; };
		2736569C304C0B6900E1DF07 /* AppDelegate.swift */ = {isa = PBXFileReference; lastKnownFileType = sourcecode.swift; path = AppDelegate.swift; sourceTree = "<group>"; };
		273656A0304C0B6900E1DF07 /* Base */ = {isa = PBXFileReference; lastKnownFileType = text.html; name = Base; path = Base.lproj/Main.html; sourceTree = "<group>"; };
		273656A2304C0B6900E1DF07 /* Icon.png */ = {isa = PBXFileReference; lastKnownFileType = image.png; path = Icon.png; sourceTree = "<group>"; };
		273656A4304C0B6900E1DF07 /* Style.css */ = {isa = PBXFileReference; lastKnownFileType = text.css; path = Style.css; sourceTree = "<group>"; };
		273656A6304C0B6900E1DF07 /* Script.js */ = {isa = PBXFileReference; lastKnownFileType = sourcecode.javascript; path = Script.js; sourceTree = "<group>"; };
		273656A8304C0B6900E1DF07 /* ViewController.swift */ = {isa = PBXFileReference; lastKnownFileType = sourcecode.swift; path = ViewController.swift; sourceTree = "<group>"; };
		273656AB304C0B6900E1DF07 /* Base */ = {isa = PBXFileReference; lastKnownFileType = file.storyboard; name = Base; path = Base.lproj/Main.storyboard; sourceTree = "<group>"; };
		273656AD304C0B6A00E1DF07 /* Assets.xcassets */ = {isa = PBXFileReference; lastKnownFileType = folder.assetcatalog; path = Assets.xcassets; sourceTree = "<group>"; };
		273656AF304C0B6A00E1DF07 /* Info.plist */ = {isa = PBXFileReference; lastKnownFileType = text.plist.xml; path = Info.plist; sourceTree = "<group>"; };
		273656B4304C0B6A00E1DF07 /* Thai Dubbing for Safari Extension.appex */ = {isa = PBXFileReference; explicitFileType = "wrapper.app-extension"; includeInIndex = 0; path = "Thai Dubbing for Safari Extension.appex"; sourceTree = BUILT_PRODUCTS_DIR; };
		273656B9304C0B6A00E1DF07 /* SafariWebExtensionHandler.swift */ = {isa = PBXFileReference; lastKnownFileType = sourcecode.swift; path = SafariWebExtensionHandler.swift; sourceTree = "<group>"; };
		273656BB304C0B6A00E1DF07 /* Info.plist */ = {isa = PBXFileReference; lastKnownFileType = text.plist.xml; path = Info.plist; sourceTree = "<group>"; };
		273656C6304C0B6A00E1DF07 /* popup */ = {isa = PBXFileReference; lastKnownFileType = folder; name = popup; path = ../../../extension/popup; sourceTree = "<group>"; };
		273656C7304C0B6A00E1DF07 /* background.js */ = {isa = PBXFileReference; lastKnownFileType = sourcecode.javascript; name = background.js; path = ../../../extension/background.js; sourceTree = "<group>"; };
		273656C8304C0B6A00E1DF07 /* icons */ = {isa = PBXFileReference; lastKnownFileType = folder; name = icons; path = ../../../extension/icons; sourceTree = "<group>"; };
		273656C9304C0B6A00E1DF07 /* manifest.json */ = {isa = PBXFileReference; lastKnownFileType = text.json; name = manifest.json; path = ../../../extension/manifest.json; sourceTree = "<group>"; };
		273656CA304C0B6A00E1DF07 /* content.js */ = {isa = PBXFileReference; lastKnownFileType = sourcecode.javascript; name = content.js; path = ../../../extension/content.js; sourceTree = "<group>"; };
/* End PBXFileReference section */

/* Begin PBXFrameworksBuildPhase section */
		27365696304C0B6900E1DF07 /* Frameworks */ = {
			isa = PBXFrameworksBuildPhase;
			files = (
			);
		};
		273656B1304C0B6A00E1DF07 /* Frameworks */ = {
			isa = PBXFrameworksBuildPhase;
			files = (
			);
		};
/* End PBXFrameworksBuildPhase section */

/* Begin PBXGroup section */
		27365690304C0B6900E1DF07 = {
			isa = PBXGroup;
			children = (
				2736569B304C0B6900E1DF07 /* Thai Dubbing for Safari */,
				273656B8304C0B6A00E1DF07 /* Thai Dubbing for Safari Extension */,
				2736569A304C0B6900E1DF07 /* Products */,
			);
			sourceTree = "<group>";
		};
		2736569A304C0B6900E1DF07 /* Products */ = {
			isa = PBXGroup;
			children = (
				27365699304C0B6900E1DF07 /* Thai Dubbing for Safari.app */,
				273656B4304C0B6A00E1DF07 /* Thai Dubbing for Safari Extension.appex */,
			);
			name = Products;
			sourceTree = "<group>";
		};
		2736569B304C0B6900E1DF07 /* Thai Dubbing for Safari */ = {
			isa = PBXGroup;
			children = (
				2736569C304C0B6900E1DF07 /* AppDelegate.swift */,
				273656A8304C0B6900E1DF07 /* ViewController.swift */,
				273656AA304C0B6900E1DF07 /* Main.storyboard */,
				273656AD304C0B6A00E1DF07 /* Assets.xcassets */,
				273656AF304C0B6A00E1DF07 /* Info.plist */,
				2736569E304C0B6900E1DF07 /* Resources */,
			);
			path = "Thai Dubbing for Safari";
			sourceTree = "<group>";
		};
		2736569E304C0B6900E1DF07 /* Resources */ = {
			isa = PBXGroup;
			children = (
				2736569F304C0B6900E1DF07 /* Main.html */,
				273656A2304C0B6900E1DF07 /* Icon.png */,
				273656A4304C0B6900E1DF07 /* Style.css */,
				273656A6304C0B6900E1DF07 /* Script.js */,
			);
			path = Resources;
			sourceTree = "<group>";
		};
		273656B8304C0B6A00E1DF07 /* Thai Dubbing for Safari Extension */ = {
			isa = PBXGroup;
			children = (
				273656C5304C0B6A00E1DF07 /* Resources */,
				273656B9304C0B6A00E1DF07 /* SafariWebExtensionHandler.swift */,
				273656BB304C0B6A00E1DF07 /* Info.plist */,
			);
			path = "Thai Dubbing for Safari Extension";
			sourceTree = "<group>";
		};
		273656C5304C0B6A00E1DF07 /* Resources */ = {
			isa = PBXGroup;
			children = (
				273656C6304C0B6A00E1DF07 /* popup */,
				273656C7304C0B6A00E1DF07 /* background.js */,
				273656C8304C0B6A00E1DF07 /* icons */,
				273656C9304C0B6A00E1DF07 /* manifest.json */,
				273656CA304C0B6A00E1DF07 /* content.js */,
			);
			name = Resources;
			path = "Thai Dubbing for Safari Extension";
			sourceTree = SOURCE_ROOT;
		};
/* End PBXGroup section */

/* Begin PBXNativeTarget section */
		27365698304C0B6900E1DF07 /* Thai Dubbing for Safari */ = {
			isa = PBXNativeTarget;
			buildConfigurationList = 273656C2304C0B6A00E1DF07 /* Build configuration list for PBXNativeTarget "Thai Dubbing for Safari" */;
			buildPhases = (
				27365695304C0B6900E1DF07 /* Sources */,
				27365696304C0B6900E1DF07 /* Frameworks */,
				27365697304C0B6900E1DF07 /* Resources */,
				273656C1304C0B6A00E1DF07 /* Embed Foundation Extensions */,
			);
			buildRules = (
			);
			dependencies = (
				273656B7304C0B6A00E1DF07 /* PBXTargetDependency */,
			);
			name = "Thai Dubbing for Safari";
			productName = "Thai Dubbing for Safari";
			productReference = 27365699304C0B6900E1DF07 /* Thai Dubbing for Safari.app */;
			productType = "com.apple.product-type.application";
		};
		273656B3304C0B6A00E1DF07 /* Thai Dubbing for Safari Extension */ = {
			isa = PBXNativeTarget;
			buildConfigurationList = 273656BE304C0B6A00E1DF07 /* Build configuration list for PBXNativeTarget "Thai Dubbing for Safari Extension" */;
			buildPhases = (
				273656B0304C0B6A00E1DF07 /* Sources */,
				273656B1304C0B6A00E1DF07 /* Frameworks */,
				273656B2304C0B6A00E1DF07 /* Resources */,
			);
			buildRules = (
			);
			name = "Thai Dubbing for Safari Extension";
			productName = "Thai Dubbing for Safari Extension";
			productReference = 273656B4304C0B6A00E1DF07 /* Thai Dubbing for Safari Extension.appex */;
			productType = "com.apple.product-type.app-extension";
		};
/* End PBXNativeTarget section */

/* Begin PBXProject section */
		27365691304C0B6900E1DF07 /* Project object */ = {
			isa = PBXProject;
			attributes = {
				BuildIndependentTargetsInParallel = 1;
				LastSwiftUpdateCheck = 2700;
				LastUpgradeCheck = 2700;
				TargetAttributes = {
					27365698304C0B6900E1DF07 = {
						CreatedOnToolsVersion = 27.0;
					};
					273656B3304C0B6A00E1DF07 = {
						CreatedOnToolsVersion = 27.0;
					};
				};
			};
			buildConfigurationList = 27365694304C0B6900E1DF07 /* Build configuration list for PBXProject "Thai Dubbing for Safari" */;
			developmentRegion = en;
			hasScannedForEncodings = 0;
			knownRegions = (
				en,
				Base,
			);
			mainGroup = 27365690304C0B6900E1DF07;
			minimizedProjectReferenceProxies = 1;
			preferredProjectObjectVersion = 77;
			productRefGroup = 2736569A304C0B6900E1DF07 /* Products */;
			projectDirPath = "";
			projectRoot = "";
			targets = (
				27365698304C0B6900E1DF07 /* Thai Dubbing for Safari */,
				273656B3304C0B6A00E1DF07 /* Thai Dubbing for Safari Extension */,
			);
		};
/* End PBXProject section */

/* Begin PBXResourcesBuildPhase section */
		27365697304C0B6900E1DF07 /* Resources */ = {
			isa = PBXResourcesBuildPhase;
			files = (
				273656A3304C0B6900E1DF07 /* Icon.png in Resources */,
				273656AC304C0B6900E1DF07 /* Main.storyboard in Resources */,
				273656A7304C0B6900E1DF07 /* Script.js in Resources */,
				273656A1304C0B6900E1DF07 /* Main.html in Resources */,
				273656AE304C0B6A00E1DF07 /* Assets.xcassets in Resources */,
				273656A5304C0B6900E1DF07 /* Style.css in Resources */,
			);
		};
		273656B2304C0B6A00E1DF07 /* Resources */ = {
			isa = PBXResourcesBuildPhase;
			files = (
				273656CE304C0B6A00E1DF07 /* manifest.json in Resources */,
				273656CD304C0B6A00E1DF07 /* icons in Resources */,
				273656CC304C0B6A00E1DF07 /* background.js in Resources */,
				273656CB304C0B6A00E1DF07 /* popup in Resources */,
				273656CF304C0B6A00E1DF07 /* content.js in Resources */,
			);
		};
/* End PBXResourcesBuildPhase section */

/* Begin PBXSourcesBuildPhase section */
		27365695304C0B6900E1DF07 /* Sources */ = {
			isa = PBXSourcesBuildPhase;
			files = (
				273656A9304C0B6900E1DF07 /* ViewController.swift in Sources */,
				2736569D304C0B6900E1DF07 /* AppDelegate.swift in Sources */,
			);
		};
		273656B0304C0B6A00E1DF07 /* Sources */ = {
			isa = PBXSourcesBuildPhase;
			files = (
				273656BA304C0B6A00E1DF07 /* SafariWebExtensionHandler.swift in Sources */,
			);
		};
/* End PBXSourcesBuildPhase section */

/* Begin PBXTargetDependency section */
		273656B7304C0B6A00E1DF07 /* PBXTargetDependency */ = {
			isa = PBXTargetDependency;
			target = 273656B3304C0B6A00E1DF07 /* Thai Dubbing for Safari Extension */;
			targetProxy = 273656B6304C0B6A00E1DF07 /* PBXContainerItemProxy */;
		};
/* End PBXTargetDependency section */

/* Begin PBXVariantGroup section */
		2736569F304C0B6900E1DF07 /* Main.html */ = {
			isa = PBXVariantGroup;
			children = (
				273656A0304C0B6900E1DF07 /* Base */,
			);
			name = Main.html;
			sourceTree = "<group>";
		};
		273656AA304C0B6900E1DF07 /* Main.storyboard */ = {
			isa = PBXVariantGroup;
			children = (
				273656AB304C0B6900E1DF07 /* Base */,
			);
			name = Main.storyboard;
			sourceTree = "<group>";
		};
/* End PBXVariantGroup section */

/* Begin XCBuildConfiguration section */
		273656BC304C0B6A00E1DF07 /* Debug configuration for PBXProject "Thai Dubbing for Safari" */ = {
			isa = XCBuildConfiguration;
			buildSettings = {
				ALWAYS_SEARCH_USER_PATHS = NO;
				ASSETCATALOG_COMPILER_GENERATE_SWIFT_ASSET_SYMBOL_EXTENSIONS = YES;
				CLANG_ANALYZER_NONNULL = YES;
				CLANG_ANALYZER_NUMBER_OBJECT_CONVERSION = YES_AGGRESSIVE;
				CLANG_CXX_LANGUAGE_STANDARD = "gnu++20";
				CLANG_ENABLE_MODULES = YES;
				CLANG_ENABLE_OBJC_ARC = YES;
				CLANG_ENABLE_OBJC_WEAK = YES;
				CLANG_WARN_BLOCK_CAPTURE_AUTORELEASING = YES;
				CLANG_WARN_BOOL_CONVERSION = YES;
				CLANG_WARN_COMMA = YES;
				CLANG_WARN_CONSTANT_CONVERSION = YES;
				CLANG_WARN_DEPRECATED_OBJC_IMPLEMENTATIONS = YES;
				CLANG_WARN_DIRECT_OBJC_ISA_USAGE = YES_ERROR;
				CLANG_WARN_DOCUMENTATION_COMMENTS = YES;
				CLANG_WARN_EMPTY_BODY = YES;
				CLANG_WARN_ENUM_CONVERSION = YES;
				CLANG_WARN_INFINITE_RECURSION = YES;
				CLANG_WARN_INT_CONVERSION = YES;
				CLANG_WARN_NON_LITERAL_NULL_CONVERSION = YES;
				CLANG_WARN_OBJC_IMPLICIT_RETAIN_SELF = YES;
				CLANG_WARN_OBJC_LITERAL_CONVERSION = YES;
				CLANG_WARN_OBJC_ROOT_CLASS = YES_ERROR;
				CLANG_WARN_QUOTED_INCLUDE_IN_FRAMEWORK_HEADER = YES;
				CLANG_WARN_RANGE_LOOP_ANALYSIS = YES;
				CLANG_WARN_STRICT_PROTOTYPES = YES;
				CLANG_WARN_SUSPICIOUS_MOVE = YES;
				CLANG_WARN_UNGUARDED_AVAILABILITY = YES_AGGRESSIVE;
				CLANG_WARN_UNREACHABLE_CODE = YES;
				CLANG_WARN__DUPLICATE_METHOD_MATCH = YES;
				COPY_PHASE_STRIP = NO;
				DEBUG_INFORMATION_FORMAT = dwarf;
				ENABLE_STRICT_OBJC_MSGSEND = YES;
				ENABLE_TESTABILITY = YES;
				ENABLE_USER_SCRIPT_SANDBOXING = YES;
				GCC_C_LANGUAGE_STANDARD = gnu17;
				GCC_DYNAMIC_NO_PIC = NO;
				GCC_NO_COMMON_BLOCKS = YES;
				GCC_OPTIMIZATION_LEVEL = 0;
				GCC_PREPROCESSOR_DEFINITIONS = (
					"DEBUG=1",
					"$(inherited)",
				);
				GCC_WARN_64_TO_32_BIT_CONVERSION = YES;
				GCC_WARN_ABOUT_RETURN_TYPE = YES_ERROR;
				GCC_WARN_UNDECLARED_SELECTOR = YES;
				GCC_WARN_UNINITIALIZED_AUTOS = YES_AGGRESSIVE;
				GCC_WARN_UNUSED_FUNCTION = YES;
				GCC_WARN_UNUSED_VARIABLE = YES;
				LOCALIZATION_PREFERS_STRING_CATALOGS = YES;
				MACOSX_DEPLOYMENT_TARGET = 27.0;
				MTL_ENABLE_DEBUG_INFO = INCLUDE_SOURCE;
				MTL_FAST_MATH = YES;
				ONLY_ACTIVE_ARCH = YES;
				SDKROOT = macosx;
				SWIFT_ACTIVE_COMPILATION_CONDITIONS = "DEBUG $(inherited)";
				SWIFT_OPTIMIZATION_LEVEL = "-Onone";
			};
			name = Debug;
		};
		273656BD304C0B6A00E1DF07 /* Release configuration for PBXProject "Thai Dubbing for Safari" */ = {
			isa = XCBuildConfiguration;
			buildSettings = {
				ALWAYS_SEARCH_USER_PATHS = NO;
				ASSETCATALOG_COMPILER_GENERATE_SWIFT_ASSET_SYMBOL_EXTENSIONS = YES;
				CLANG_ANALYZER_NONNULL = YES;
				CLANG_ANALYZER_NUMBER_OBJECT_CONVERSION = YES_AGGRESSIVE;
				CLANG_CXX_LANGUAGE_STANDARD = "gnu++20";
				CLANG_ENABLE_MODULES = YES;
				CLANG_ENABLE_OBJC_ARC = YES;
				CLANG_ENABLE_OBJC_WEAK = YES;
				CLANG_WARN_BLOCK_CAPTURE_AUTORELEASING = YES;
				CLANG_WARN_BOOL_CONVERSION = YES;
				CLANG_WARN_COMMA = YES;
				CLANG_WARN_CONSTANT_CONVERSION = YES;
				CLANG_WARN_DEPRECATED_OBJC_IMPLEMENTATIONS = YES;
				CLANG_WARN_DIRECT_OBJC_ISA_USAGE = YES_ERROR;
				CLANG_WARN_DOCUMENTATION_COMMENTS = YES;
				CLANG_WARN_EMPTY_BODY = YES;
				CLANG_WARN_ENUM_CONVERSION = YES;
				CLANG_WARN_INFINITE_RECURSION = YES;
				CLANG_WARN_INT_CONVERSION = YES;
				CLANG_WARN_NON_LITERAL_NULL_CONVERSION = YES;
				CLANG_WARN_OBJC_IMPLICIT_RETAIN_SELF = YES;
				CLANG_WARN_OBJC_LITERAL_CONVERSION = YES;
				CLANG_WARN_OBJC_ROOT_CLASS = YES_ERROR;
				CLANG_WARN_QUOTED_INCLUDE_IN_FRAMEWORK_HEADER = YES;
				CLANG_WARN_RANGE_LOOP_ANALYSIS = YES;
				CLANG_WARN_STRICT_PROTOTYPES = YES;
				CLANG_WARN_SUSPICIOUS_MOVE = YES;
				CLANG_WARN_UNGUARDED_AVAILABILITY = YES_AGGRESSIVE;
				CLANG_WARN_UNREACHABLE_CODE = YES;
				CLANG_WARN__DUPLICATE_METHOD_MATCH = YES;
				COPY_PHASE_STRIP = NO;
				DEBUG_INFORMATION_FORMAT = "dwarf-with-dsym";
				ENABLE_NS_ASSERTIONS = NO;
				ENABLE_STRICT_OBJC_MSGSEND = YES;
				ENABLE_USER_SCRIPT_SANDBOXING = YES;
				GCC_C_LANGUAGE_STANDARD = gnu17;
				GCC_NO_COMMON_BLOCKS = YES;
				GCC_WARN_64_TO_32_BIT_CONVERSION = YES;
				GCC_WARN_ABOUT_RETURN_TYPE = YES_ERROR;
				GCC_WARN_UNDECLARED_SELECTOR = YES;
				GCC_WARN_UNINITIALIZED_AUTOS = YES_AGGRESSIVE;
				GCC_WARN_UNUSED_FUNCTION = YES;
				GCC_WARN_UNUSED_VARIABLE = YES;
				LOCALIZATION_PREFERS_STRING_CATALOGS = YES;
				MACOSX_DEPLOYMENT_TARGET = 27.0;
				MTL_ENABLE_DEBUG_INFO = NO;
				MTL_FAST_MATH = YES;
				SDKROOT = macosx;
				SWIFT_COMPILATION_MODE = wholemodule;
			};
			name = Release;
		};
		273656BF304C0B6A00E1DF07 /* Debug configuration for PBXNativeTarget "Thai Dubbing for Safari Extension" */ = {
			isa = XCBuildConfiguration;
			buildSettings = {
				CODE_SIGN_STYLE = Automatic;
				CURRENT_PROJECT_VERSION = 1;
				ENABLE_APP_SANDBOX = YES;
				ENABLE_HARDENED_RUNTIME = YES;
				ENABLE_USER_SELECTED_FILES = readonly;
				GENERATE_INFOPLIST_FILE = YES;
				INFOPLIST_FILE = "Thai Dubbing for Safari Extension/Info.plist";
				INFOPLIST_KEY_CFBundleDisplayName = "Thai Dubbing for Safari Extension";
				INFOPLIST_KEY_NSHumanReadableCopyright = "";
				LD_RUNPATH_SEARCH_PATHS = (
					"$(inherited)",
					"@executable_path/../Frameworks",
					"@executable_path/../../../../Frameworks",
				);
				MACOSX_DEPLOYMENT_TARGET = 12.0;
				MARKETING_VERSION = 1.0;
				OTHER_LDFLAGS = (
					"-framework",
					SafariServices,
				);
				PRODUCT_BUNDLE_IDENTIFIER = "com.yourCompany.Thai-Dubbing-for-Safari.Extension";
				PRODUCT_NAME = "$(TARGET_NAME)";
				SKIP_INSTALL = YES;
				STRING_CATALOG_GENERATE_SYMBOLS = YES;
				SWIFT_APPROACHABLE_CONCURRENCY = YES;
				SWIFT_EMIT_LOC_STRINGS = YES;
				SWIFT_UPCOMING_FEATURE_MEMBER_IMPORT_VISIBILITY = YES;
				SWIFT_VERSION = 5.0;
			};
			name = Debug;
		};
		273656C0304C0B6A00E1DF07 /* Release configuration for PBXNativeTarget "Thai Dubbing for Safari Extension" */ = {
			isa = XCBuildConfiguration;
			buildSettings = {
				CODE_SIGN_STYLE = Automatic;
				CURRENT_PROJECT_VERSION = 1;
				ENABLE_APP_SANDBOX = YES;
				ENABLE_HARDENED_RUNTIME = YES;
				ENABLE_USER_SELECTED_FILES = readonly;
				GENERATE_INFOPLIST_FILE = YES;
				INFOPLIST_FILE = "Thai Dubbing for Safari Extension/Info.plist";
				INFOPLIST_KEY_CFBundleDisplayName = "Thai Dubbing for Safari Extension";
				INFOPLIST_KEY_NSHumanReadableCopyright = "";
				LD_RUNPATH_SEARCH_PATHS = (
					"$(inherited)",
					"@executable_path/../Frameworks",
					"@executable_path/../../../../Frameworks",
				);
				MACOSX_DEPLOYMENT_TARGET = 12.0;
				MARKETING_VERSION = 1.0;
				OTHER_LDFLAGS = (
					"-framework",
					SafariServices,
				);
				PRODUCT_BUNDLE_IDENTIFIER = "com.yourCompany.Thai-Dubbing-for-Safari.Extension";
				PRODUCT_NAME = "$(TARGET_NAME)";
				SKIP_INSTALL = YES;
				STRING_CATALOG_GENERATE_SYMBOLS = YES;
				SWIFT_APPROACHABLE_CONCURRENCY = YES;
				SWIFT_EMIT_LOC_STRINGS = YES;
				SWIFT_UPCOMING_FEATURE_MEMBER_IMPORT_VISIBILITY = YES;
				SWIFT_VERSION = 5.0;
			};
			name = Release;
		};
		273656C3304C0B6A00E1DF07 /* Debug configuration for PBXNativeTarget "Thai Dubbing for Safari" */ = {
			isa = XCBuildConfiguration;
			buildSettings = {
				ASSETCATALOG_COMPILER_APPICON_NAME = AppIcon;
				ASSETCATALOG_COMPILER_GLOBAL_ACCENT_COLOR_NAME = AccentColor;
				CODE_SIGN_STYLE = Automatic;
				COMBINE_HIDPI_IMAGES = YES;
				CURRENT_PROJECT_VERSION = 1;
				ENABLE_APP_SANDBOX = YES;
				ENABLE_HARDENED_RUNTIME = YES;
				ENABLE_OUTGOING_NETWORK_CONNECTIONS = YES;
				ENABLE_USER_SELECTED_FILES = readonly;
				GENERATE_INFOPLIST_FILE = YES;
				INFOPLIST_FILE = "Thai Dubbing for Safari/Info.plist";
				INFOPLIST_KEY_CFBundleDisplayName = "Thai Dubbing for Safari";
				INFOPLIST_KEY_NSHumanReadableCopyright = "";
				INFOPLIST_KEY_NSMainStoryboardFile = Main;
				INFOPLIST_KEY_NSPrincipalClass = NSApplication;
				INFOPLIST_KEY_NSViewGestureRecognizerIsExclusive = NO;
				LD_RUNPATH_SEARCH_PATHS = (
					"$(inherited)",
					"@executable_path/../Frameworks",
				);
				MARKETING_VERSION = 1.0;
				OTHER_LDFLAGS = (
					"-framework",
					SafariServices,
					"-framework",
					WebKit,
				);
				PRODUCT_BUNDLE_IDENTIFIER = "com.yourCompany.Thai-Dubbing-for-Safari";
				PRODUCT_NAME = "$(TARGET_NAME)";
				REGISTER_APP_GROUPS = YES;
				STRING_CATALOG_GENERATE_SYMBOLS = YES;
				SWIFT_APPROACHABLE_CONCURRENCY = YES;
				SWIFT_DEFAULT_ACTOR_ISOLATION = MainActor;
				SWIFT_EMIT_LOC_STRINGS = YES;
				SWIFT_UPCOMING_FEATURE_MEMBER_IMPORT_VISIBILITY = YES;
				SWIFT_VERSION = 5.0;
			};
			name = Debug;
		};
		273656C4304C0B6A00E1DF07 /* Release configuration for PBXNativeTarget "Thai Dubbing for Safari" */ = {
			isa = XCBuildConfiguration;
			buildSettings = {
				ASSETCATALOG_COMPILER_APPICON_NAME = AppIcon;
				ASSETCATALOG_COMPILER_GLOBAL_ACCENT_COLOR_NAME = AccentColor;
				CODE_SIGN_STYLE = Automatic;
				COMBINE_HIDPI_IMAGES = YES;
				CURRENT_PROJECT_VERSION = 1;
				ENABLE_APP_SANDBOX = YES;
				ENABLE_HARDENED_RUNTIME = YES;
				ENABLE_OUTGOING_NETWORK_CONNECTIONS = YES;
				ENABLE_USER_SELECTED_FILES = readonly;
				GENERATE_INFOPLIST_FILE = YES;
				INFOPLIST_FILE = "Thai Dubbing for Safari/Info.plist";
				INFOPLIST_KEY_CFBundleDisplayName = "Thai Dubbing for Safari";
				INFOPLIST_KEY_NSHumanReadableCopyright = "";
				INFOPLIST_KEY_NSMainStoryboardFile = Main;
				INFOPLIST_KEY_NSPrincipalClass = NSApplication;
				INFOPLIST_KEY_NSViewGestureRecognizerIsExclusive = NO;
				LD_RUNPATH_SEARCH_PATHS = (
					"$(inherited)",
					"@executable_path/../Frameworks",
				);
				MARKETING_VERSION = 1.0;
				OTHER_LDFLAGS = (
					"-framework",
					SafariServices,
					"-framework",
					WebKit,
				);
				PRODUCT_BUNDLE_IDENTIFIER = "com.yourCompany.Thai-Dubbing-for-Safari";
				PRODUCT_NAME = "$(TARGET_NAME)";
				REGISTER_APP_GROUPS = YES;
				STRING_CATALOG_GENERATE_SYMBOLS = YES;
				SWIFT_APPROACHABLE_CONCURRENCY = YES;
				SWIFT_DEFAULT_ACTOR_ISOLATION = MainActor;
				SWIFT_EMIT_LOC_STRINGS = YES;
				SWIFT_UPCOMING_FEATURE_MEMBER_IMPORT_VISIBILITY = YES;
				SWIFT_VERSION = 5.0;
			};
			name = Release;
		};
/* End XCBuildConfiguration section */

/* Begin XCConfigurationList section */
		27365694304C0B6900E1DF07 /* Build configuration list for PBXProject "Thai Dubbing for Safari" */ = {
			isa = XCConfigurationList;
			buildConfigurations = (
				273656BC304C0B6A00E1DF07 /* Debug configuration for PBXProject "Thai Dubbing for Safari" */,
				273656BD304C0B6A00E1DF07 /* Release configuration for PBXProject "Thai Dubbing for Safari" */,
			);
			defaultConfigurationName = Release;
		};
		273656BE304C0B6A00E1DF07 /* Build configuration list for PBXNativeTarget "Thai Dubbing for Safari Extension" */ = {
			isa = XCConfigurationList;
			buildConfigurations = (
				273656BF304C0B6A00E1DF07 /* Debug configuration for PBXNativeTarget "Thai Dubbing for Safari Extension" */,
				273656C0304C0B6A00E1DF07 /* Release configuration for PBXNativeTarget "Thai Dubbing for Safari Extension" */,
			);
			defaultConfigurationName = Release;
		};
		273656C2304C0B6A00E1DF07 /* Build configuration list for PBXNativeTarget "Thai Dubbing for Safari" */ = {
			isa = XCConfigurationList;
			buildConfigurations = (
				273656C3304C0B6A00E1DF07 /* Debug configuration for PBXNativeTarget "Thai Dubbing for Safari" */,
				273656C4304C0B6A00E1DF07 /* Release configuration for PBXNativeTarget "Thai Dubbing for Safari" */,
			);
			defaultConfigurationName = Release;
		};
/* End XCConfigurationList section */
	};
	rootObject = 27365691304C0B6900E1DF07 /* Project object */;
	validationLevel = 1;
}
